Microsoft Visual Studio Solution File, Format Version 12.00
# Visual Studio Version 16
VisualStudioVersion = 16.0.0.0
MinimumVisualStudioVersion = 16.0.0.0
Project("{9A19103F-16F7-4668-BE54-9A1E7A4F7556}") = "MyFirstBlazor.Server", "Server\MyFirstBlazor.Server.csproj", "{320EC6B9-7C79-484C-8B7E-47F7D7906C22}"
EndProject
Project("{9A19103F-16F7-4668-BE54-9A1E7A4F7556}") = "MyFirstBlazor.Client", "Client\MyFirstBlazor.Client.csproj", "{E6800346-23FF-477C-B4E9-08A81A28A51F}"
EndProject
Project("{9A19103F-16F7-4668-BE54-9A1E7A4F7556}") = "MyFirstBlazor.Shared", "Shared\MyFirstBlazor.Shared.csproj", "{ECEC17C8-F697-4E83-A57E-44B5992A3D1C}"
EndProject
Global
	GlobalSection(SolutionConfigurationPlatforms) = preSolution
		Debug|Any CPU = Debug|Any CPU
		Debug|x64 = Debug|x64
		Debug|x86 = Debug|x86
		Release|Any CPU = Release|Any CPU
		Release|x64 = Release|x64
		Release|x86 = Release|x86
	EndGlobalSection
	GlobalSection(ProjectConfigurationPlatforms) = postSolution
		{E6800346-23FF-477C-B4E9-08A81A28A51F}.Debug|Any CPU.ActiveCfg = Debug|Any CPU
		{E6800346-23FF-477C-B4E9-08A81A28A51F}.Debug|Any CPU.Build.0 = Debug|Any CPU
		{E6800346-23FF-477C-B4E9-08A81A28A51F}.Debug|x64.ActiveCfg = Debug|Any CPU
		{E6800346-23FF-477C-B4E9-08A81A28A51F}.Debug|x64.Build.0 = Debug|Any CPU
		{E6800346-23FF-477C-B4E9-08A81A28A51F}.Debug|x86.ActiveCfg = Debug|Any CPU
		{E6800346-23FF-477C-B4E9-08A81A28A51F}.Debug|x86.Build.0 = Debug|Any CPU
		{E6800346-23FF-477C-B4E9-08A81A28A51F}.Release|Any CPU.ActiveCfg = Release|Any CPU
		{E6800346-23FF-477C-B4E9-08A81A28A51F}.Release|Any CPU.Build.0 = Release|Any CPU
		{E6800346-23FF-477C-B4E9-08A81A28A51F}.Release|x64.ActiveCfg = Release|Any CPU
		{E6800346-23FF-477C-B4E9-08A81A28A51F}.Release|x64.Build.0 = Release|Any CPU
		{E6800346-23FF-477C-B4E9-08A81A28A51F}.Release|x86.ActiveCfg = Release|Any CPU
		{E6800346-23FF-477C-B4E9-08A81A28A51F}.Release|x86.Build.0 = Release|Any CPU
		{320EC6B9-7C79-484C-8B7E-47F7D7906C22}.Debug|Any CPU.ActiveCfg = Debug|Any CPU
		{320EC6B9-7C79-484C-8B7E-47F7D7906C22}.Debug|Any CPU.Build.0 = Debug|Any CPU
		{320EC6B9-7C79-484C-8B7E-47F7D7906C22}.Debug|x64.ActiveCfg = Debug|Any CPU
		{320EC6B9-7C79-484C-8B7E-47F7D7906C22}.Debug|x64.Build.0 = Debug|Any CPU
		{320EC6B9-7C79-484C-8B7E-47F7D7906C22}.Debug|x86.ActiveCfg = Debug|Any CPU
		{320EC6B9-7C79-484C-8B7E-47F7D7906C22}.Debug|x86.Build.0 = Debug|Any CPU
		{320EC6B9-7C79-484C-8B7E-47F7D7906C22}.Release|Any CPU.ActiveCfg = Release|Any CPU
		{320EC6B9-7C79-484C-8B7E-47F7D7906C22}.Release|Any CPU.Build.0 = Release|Any CPU
		{320EC6B9-7C79-484C-8B7E-47F7D7906C22}.Release|x64.ActiveCfg = Release|Any CPU
		{320EC6B9-7C79-484C-8B7E-47F7D7906C22}.Release|x64.Build.0 = Release|Any CPU
		{320EC6B9-7C79-484C-8B7E-47F7D7906C22}.Release|x86.ActiveCfg = Release|Any CPU
		{320EC6B9-7C79-484C-8B7E-47F7D7906C22}.Release|x86.Build.0 = Release|Any CPU
		{ECEC17C8-F697-4E83-A57E-44B5992A3D1C}.Debug|Any CPU.ActiveCfg = Debug|Any CPU
		{ECEC17C8-F697-4E83-A57E-44B5992A3D1C}.Debug|Any CPU.Build.0 = Debug|Any CPU
		{ECEC17C8-F697-4E83-A57E-44B5992A3D1C}.Debug|x64.ActiveCfg = Debug|Any CPU
		{ECEC17C8-F697-4E83-A57E-44B5992A3D1C}.Debug|x64.Build.0 = Debug|Any CPU
		{ECEC17C8-F697-4E83-A57E-44B5992A3D1C}.Debug|x86.ActiveCfg = Debug|Any CPU
		{ECEC17C8-F697-4E83-A57E-44B5992A3D1C}.Debug|x86.Build.0 = Debug|Any CPU
		{ECEC17C8-F697-4E83-A57E-44B5992A3D1C}.Release|Any CPU.ActiveCfg = Release|Any CPU
		{ECEC17C8-F697-4E83-A57E-44B5992A3D1C}.Release|Any CPU.Build.0 = Release|Any CPU
		{ECEC17C8-F697-4E83-A57E-44B5992A3D1C}.Release|x64.ActiveCfg = Release|Any CPU
		{ECEC17C8-F697-4E83-A57E-44B5992A3D1C}.Release|x64.Build.0 = Release|Any CPU
		{ECEC17C8-F697-4E83-A57E-44B5992A3D1C}.Release|x86.ActiveCfg = Release|Any CPU
		{ECEC17C8-F697-4E83-A57E-44B5992A3D1C}.Release|x86.Build.0 = Release|Any CPU
	EndGlobalSection
	GlobalSection(SolutionProperties) = preSolution
		HideSolutionNode = FALSE
	EndGlobalSection
	GlobalSection(ExtensibilityGlobals) = postSolution
		SolutionGuid = {4D2F375C-C916-4512-9761-00C2B9DC2DB0}
	EndGlobalSection
EndGlobal